{
  "version": 4,
  "terraform_version": "1.2.8",
  "serial": 5,
  "lineage": "55222214-2cf6-8dbd-1d19-e4832468e557",
  "outputs": {},
  "resources": [
    {
      "mode": "managed",
      "type": "google_cloudbuild_trigger",
      "name": "push_to_gcr_trigger",
      "provider": "provider[\"registry.terraform.io/hashicorp/google\"]",
      "instances": [
        {
          "schema_version": 1,
          "attributes": {
            "approval_config": [
              {
                "approval_required": false
              }
            ],
            "build": [
              {
                "artifacts": [],
                "available_secrets": [],
                "images": [
                  "gcr.io/$PROJECT_ID/$REPO_NAME:$COMMIT_SHA"
                ],
                "logs_bucket": "",
                "options": [],
                "queue_ttl": "",
                "secret": [],
                "source": [],
                "step": [
                  {
                    "args": [
                      "build",
                      "-t",
                      "gcr.io/$PROJECT_ID/$REPO_NAME:$COMMIT_SHA",
                      "-f",
                      "app/Dockerfile"
                    ],
                    "dir": "",
                    "entrypoint": "",
                    "env": [],
                    "id": "",
                    "name": "gcr.io/cloud-builders/docker",
                    "secret_env": [],
                    "timeout": "",
                    "timing": "",
                    "volumes": [],
                    "wait_for": []
                  },
                  {
                    "args": [
                      "push",
                      "gcr.io/$PROJECT_ID/$REPO_NAME:$COMMIT_SHA"
                    ],
                    "dir": "",
                    "entrypoint": "",
                    "env": [],
                    "id": "Push",
                    "name": "gcr.io/cloud-builders/docker",
                    "secret_env": [],
                    "timeout": "",
                    "timing": "",
                    "volumes": [],
                    "wait_for": []
                  }
                ],
                "substitutions": {},
                "tags": [],
                "timeout": "600s"
              }
            ],
            "create_time": "2022-08-31T09:15:35.405616738Z",
            "description": "",
            "disabled": false,
            "filename": "",
            "filter": "",
            "git_file_source": [],
            "github": [
              {
                "name": "emojize-api",
                "owner": "hcpmiyuki",
                "pull_request": [],
                "push": [
                  {
                    "branch": "^main$",
                    "invert_regex": false,
                    "tag": ""
                  }
                ]
              }
            ],
            "id": "projects/emoji-ru/triggers/c73444b8-e590-440c-8e24-3f3ef3e54e32",
            "ignored_files": [],
            "include_build_logs": "",
            "included_files": [],
            "name": "trigger",
            "project": "emoji-ru",
            "pubsub_config": [],
            "service_account": "",
            "source_to_build": [],
            "substitutions": {},
            "tags": [],
            "timeouts": null,
            "trigger_id": "c73444b8-e590-440c-8e24-3f3ef3e54e32",
            "trigger_template": [],
            "webhook_config": []
          },
          "sensitive_attributes": [],
          "private": "eyJlMmJmYjczMC1lY2FhLTExZTYtOGY4OC0zNDM2M2JjN2M0YzAiOnsiY3JlYXRlIjoxMjAwMDAwMDAwMDAwLCJkZWxldGUiOjEyMDAwMDAwMDAwMDAsInVwZGF0ZSI6MTIwMDAwMDAwMDAwMH0sInNjaGVtYV92ZXJzaW9uIjoiMSJ9"
        }
      ]
    }
  ]
}
